<?xml version="1.0" encoding="utf-8"?>
<Project ToolsVersion="4.0" xmlns="http://schemas.microsoft.com/developer/msbuild/2003">
  <ItemGroup>
    <Filter Include="Source Files">
      <UniqueIdentifier>{4FC737F1-C7A5-4376-A066-2A32D752A2FF}</UniqueIdentifier>
      <Extensions>cpp;c;cc;cxx;c++;cppm;ixx;def;odl;idl;hpj;bat;asm;asmx</Extensions>
    </Filter>
    <Filter Include="Header Files">
      <UniqueIdentifier>{93995380-89BD-4b04-88EB-625FBE52EBFB}</UniqueIdentifier>
      <Extensions>h;hh;hpp;hxx;h++;hm;inl;inc;ipp;xsd</Extensions>
    </Filter>
    <Filter Include="Resource Files">
      <UniqueIdentifier>{67DA6AB6-F800-4c08-8B7A-83BB121AAD01}</UniqueIdentifier>
      <Extensions>rc;ico;cur;bmp;dlg;rc2;rct;bin;rgs;gif;jpg;jpeg;jpe;resx;tiff;tif;png;wav;mfcribbon-ms</Extensions>
    </Filter>
    <Filter Include="Admin">
      <UniqueIdentifier>{5a7a0ea2-d3c6-435e-8f0b-acfcbef79029}</UniqueIdentifier>
    </Filter>
    <Filter Include="Cashier">
      <UniqueIdentifier>{a29fcf23-0fc4-42ba-8dd1-fb5802e3cac3}</UniqueIdentifier>
    </Filter>
    <Filter Include="Common">
      <UniqueIdentifier>{c7e4c460-5ca8-449d-ac60-ed707cd5dd49}</UniqueIdentifier>
    </Filter>
  </ItemGroup>
  <ItemGroup>
    <ClCompile Include="main.cpp">
      <Filter>Source Files</Filter>
    </ClCompile>
    <ClCompile Include="Admin\Category.cpp">
      <Filter>Admin</Filter>
    </ClCompile>
    <ClCompile Include="Admin\CategoryManagement.cpp">
      <Filter>Admin</Filter>
    </ClCompile>
    <ClCompile Include="Cashier\Discount.cpp">
      <Filter>Cashier</Filter>
    </ClCompile>
    <ClCompile Include="Cashier\DiscountManagement.cpp">
      <Filter>Cashier</Filter>
    </ClCompile>
    <ClCompile Include="Cashier\Refund.cpp">
      <Filter>Cashier</Filter>
    </ClCompile>
    <ClCompile Include="Cashier\RefundManagement.cpp">
      <Filter>Cashier</Filter>
    </ClCompile>
    <ClCompile Include="Common\User.cpp">
      <Filter>Common</Filter>
    </ClCompile>
    <ClCompile Include="Admin\Admin.cpp">
      <Filter>Admin</Filter>
    </ClCompile>
    <ClCompile Include="Cashier\Cashier.cpp">
      <Filter>Cashier</Filter>
    </ClCompile>
    <ClCompile Include="Common\SessionManager.cpp">
      <Filter>Common</Filter>
    </ClCompile>
  </ItemGroup>
  <ItemGroup>
    <ClInclude Include="Admin\Category.h">
      <Filter>Admin</Filter>
    </ClInclude>
    <ClInclude Include="Admin\CategoryManagement.h">
      <Filter>Admin</Filter>
    </ClInclude>
    <ClInclude Include="Cashier\Discount.h">
      <Filter>Cashier</Filter>
    </ClInclude>
    <ClInclude Include="Cashier\DiscountManagement.h">
      <Filter>Cashier</Filter>
    </ClInclude>
    <ClInclude Include="Cashier\Refund.h">
      <Filter>Cashier</Filter>
    </ClInclude>
    <ClInclude Include="Cashier\RefundManagement.h">
      <Filter>Cashier</Filter>
    </ClInclude>
    <ClInclude Include="Common\User.h">
      <Filter>Common</Filter>
    </ClInclude>
    <ClInclude Include="Admin\Admin.h">
      <Filter>Admin</Filter>
    </ClInclude>
    <ClInclude Include="Cashier\Cashier.h">
      <Filter>Cashier</Filter>
    </ClInclude>
    <ClInclude Include="Common\SessionManager.h">
      <Filter>Common</Filter>
    </ClInclude>
  </ItemGroup>
</Project>